// !$*UTF8*$!
{
	archiveVersion = 1;
	classes = {
	};
	objectVersion = 56;
	objects = {

/* Begin PBXBuildFile section */
		1A0568FF294B286A00253B40 /* CategoryHome.swift in Sources */ = {isa = PBXBuildFile; fileRef = 1A0568FE294B286A00253B40 /* CategoryHome.swift */; };
		1A056901294B289900253B40 /* CategoryRow.swift in Sources */ = {isa = PBXBuildFile; fileRef = 1A056900294B289900253B40 /* CategoryRow.swift */; };
		1A056903294B28C300253B40 /* CategoryItem.swift in Sources */ = {isa = PBXBuildFile; fileRef = 1A056902294B28C300253B40 /* CategoryItem.swift */; };
		1A8B577E294B158600D7308A /* HexagonParameters.swift in Sources */ = {isa = PBXBuildFile; fileRef = 1A8B577D294B158600D7308A /* HexagonParameters.swift */; };
		1A8B5782294B168300D7308A /* BadgeBackground.swift in Sources */ = {isa = PBXBuildFile; fileRef = 1A8B5781294B168300D7308A /* BadgeBackground.swift */; };
		1A8B5785294B191D00D7308A /* BadgeSymbol.swift in Sources */ = {isa = PBXBuildFile; fileRef = 1A8B5784294B191D00D7308A /* BadgeSymbol.swift */; };
		1A8B5787294B1A1000D7308A /* RotatedBadgeSymbol.swift in Sources */ = {isa = PBXBuildFile; fileRef = 1A8B5786294B1A1000D7308A /* RotatedBadgeSymbol.swift */; };
		1A8B5789294B1A8D00D7308A /* Badge.swift in Sources */ = {isa = PBXBuildFile; fileRef = 1A8B5788294B1A8D00D7308A /* Badge.swift */; };
		1A8B578B294B1C0000D7308A /* hikeData.json in Resources */ = {isa = PBXBuildFile; fileRef = 1A8B578A294B1C0000D7308A /* hikeData.json */; };
		1A8B578D294B1C2A00D7308A /* Hike.swift in Sources */ = {isa = PBXBuildFile; fileRef = 1A8B578C294B1C2A00D7308A /* Hike.swift */; };
		1A8B5793294B1CB000D7308A /* GraphCapsule.swift in Sources */ = {isa = PBXBuildFile; fileRef = 1A8B578F294B1CB000D7308A /* GraphCapsule.swift */; };
		1A8B5794294B1CB000D7308A /* HikeGraph.swift in Sources */ = {isa = PBXBuildFile; fileRef = 1A8B5790294B1CB000D7308A /* HikeGraph.swift */; };
		1A8B5795294B1CB000D7308A /* HikeDetail.swift in Sources */ = {isa = PBXBuildFile; fileRef = 1A8B5791294B1CB000D7308A /* HikeDetail.swift */; };
		1A8B5796294B1CB000D7308A /* HikeView.swift in Sources */ = {isa = PBXBuildFile; fileRef = 1A8B5792294B1CB000D7308A /* HikeView.swift */; };
		1A9E0A2E294B10D20066D04E /* FavoriteButton.swift in Sources */ = {isa = PBXBuildFile; fileRef = 1A9E0A2D294B10D20066D04E /* FavoriteButton.swift */; };
		1AC89FFF294ACFC8005F344F /* LandmarksApp.swift in Sources */ = {isa = PBXBuildFile; fileRef = 1AC89FFE294ACFC8005F344F /* LandmarksApp.swift */; };
		1AC8A003294ACFCA005F344F /* Assets.xcassets in Resources */ = {isa = PBXBuildFile; fileRef = 1AC8A002294ACFCA005F344F /* Assets.xcassets */; };
		1AC8A006294ACFCA005F344F /* Preview Assets.xcassets in Resources */ = {isa = PBXBuildFile; fileRef = 1AC8A005294ACFCA005F344F /* Preview Assets.xcassets */; };
		1AC8A008294ACFCA005F344F /* Persistence.swift in Sources */ = {isa = PBXBuildFile; fileRef = 1AC8A007294ACFCA005F344F /* Persistence.swift */; };
		1AC8A00B294ACFCA005F344F /* Landmarks.xcdatamodeld in Sources */ = {isa = PBXBuildFile; fileRef = 1AC8A009294ACFCA005F344F /* Landmarks.xcdatamodeld */; };
		1AC8A012294AD03B005F344F /* ContentView.swift in Sources */ = {isa = PBXBuildFile; fileRef = 1AC8A011294AD03B005F344F /* ContentView.swift */; };
		1AC8A014294AD100005F344F /* CircleImage.swift in Sources */ = {isa = PBXBuildFile; fileRef = 1AC8A013294AD100005F344F /* CircleImage.swift */; };
		1AC8A01A294AD3FE005F344F /* Landmark.swift in Sources */ = {isa = PBXBuildFile; fileRef = 1AC8A019294AD3FE005F344F /* Landmark.swift */; };
		1AC8A01C294AE61B005F344F /* ModelData.swift in Sources */ = {isa = PBXBuildFile; fileRef = 1AC8A01B294AE61B005F344F /* ModelData.swift */; };
		1AC8A022294AE938005F344F /* MapView.swift in Sources */ = {isa = PBXBuildFile; fileRef = 1AC8A021294AE938005F344F /* MapView.swift */; };
		1AC8A026294AE9FE005F344F /* landmarkData.json in Resources */ = {isa = PBXBuildFile; fileRef = 1AC8A025294AE9FE005F344F /* landmarkData.json */; };
		1AC8A029294AEAD3005F344F /* LandmarkRow.swift in Sources */ = {isa = PBXBuildFile; fileRef = 1AC8A028294AEAD3005F344F /* LandmarkRow.swift */; };
		1AC8A02B294AEFE6005F344F /* LandmarkList.swift in Sources */ = {isa = PBXBuildFile; fileRef = 1AC8A02A294AEFE6005F344F /* LandmarkList.swift */; };
		1AC8A02D294AF324005F344F /* LandmarkDetail.swift in Sources */ = {isa = PBXBuildFile; fileRef = 1AC8A02C294AF324005F344F /* LandmarkDetail.swift */; };
/* End PBXBuildFile section */

/* Begin PBXFileReference section */
		1A0568FE294B286A00253B40 /* CategoryHome.swift */ = {isa = PBXFileReference; lastKnownFileType = sourcecode.swift; path = CategoryHome.swift; sourceTree = "<group>"; };
		1A056900294B289900253B40 /* CategoryRow.swift */ = {isa = PBXFileReference; lastKnownFileType = sourcecode.swift; path = CategoryRow.swift; sourceTree = "<group>"; };
		1A056902294B28C300253B40 /* CategoryItem.swift */ = {isa = PBXFileReference; lastKnownFileType = sourcecode.swift; path = CategoryItem.swift; sourceTree = "<group>"; };
		1A8B577D294B158600D7308A /* HexagonParameters.swift */ = {isa = PBXFileReference; lastKnownFileType = sourcecode.swift; path = HexagonParameters.swift; sourceTree = "<group>"; };
		1A8B5781294B168300D7308A /* BadgeBackground.swift */ = {isa = PBXFileReference; lastKnownFileType = sourcecode.swift; path = BadgeBackground.swift; sourceTree = "<group>"; };
		1A8B5784294B191D00D7308A /* BadgeSymbol.swift */ = {isa = PBXFileReference; lastKnownFileType = sourcecode.swift; path = BadgeSymbol.swift; sourceTree = "<group>"; };
		1A8B5786294B1A1000D7308A /* RotatedBadgeSymbol.swift */ = {isa = PBXFileReference; lastKnownFileType = sourcecode.swift; path = RotatedBadgeSymbol.swift; sourceTree = "<group>"; };
		1A8B5788294B1A8D00D7308A /* Badge.swift */ = {isa = PBXFileReference; lastKnownFileType = sourcecode.swift; path = Badge.swift; sourceTree = "<group>"; };
		1A8B578A294B1C0000D7308A /* hikeData.json */ = {isa = PBXFileReference; fileEncoding = 4; lastKnownFileType = text.json; path = hikeData.json; sourceTree = "<group>"; };
		1A8B578C294B1C2A00D7308A /* Hike.swift */ = {isa = PBXFileReference; lastKnownFileType = sourcecode.swift; path = Hike.swift; sourceTree = "<group>"; };
		1A8B578F294B1CB000D7308A /* GraphCapsule.swift */ = {isa = PBXFileReference; fileEncoding = 4; lastKnownFileType = sourcecode.swift; path = GraphCapsule.swift; sourceTree = "<group>"; };
		1A8B5790294B1CB000D7308A /* HikeGraph.swift */ = {isa = PBXFileReference; fileEncoding = 4; lastKnownFileType = sourcecode.swift; path = HikeGraph.swift; sourceTree = "<group>"; };
		1A8B5791294B1CB000D7308A /* HikeDetail.swift */ = {isa = PBXFileReference; fileEncoding = 4; lastKnownFileType = sourcecode.swift; path = HikeDetail.swift; sourceTree = "<group>"; };
		1A8B5792294B1CB000D7308A /* HikeView.swift */ = {isa = PBXFileReference; fileEncoding = 4; lastKnownFileType = sourcecode.swift; path = HikeView.swift; sourceTree = "<group>"; };
		1A9E0A2D294B10D20066D04E /* FavoriteButton.swift */ = {isa = PBXFileReference; lastKnownFileType = sourcecode.swift; path = FavoriteButton.swift; sourceTree = "<group>"; };
		1AC89FFB294ACFC8005F344F /* Landmarks.app */ = {isa = PBXFileReference; explicitFileType = wrapper.application; includeInIndex = 0; path = Landmarks.app; sourceTree = BUILT_PRODUCTS_DIR; };
		1AC89FFE294ACFC8005F344F /* LandmarksApp.swift */ = {isa = PBXFileReference; lastKnownFileType = sourcecode.swift; path = LandmarksApp.swift; sourceTree = "<group>"; };
		1AC8A002294ACFCA005F344F /* Assets.xcassets */ = {isa = PBXFileReference; lastKnownFileType = folder.assetcatalog; path = Assets.xcassets; sourceTree = "<group>"; };
		1AC8A005294ACFCA005F344F /* Preview Assets.xcassets */ = {isa = PBXFileReference; lastKnownFileType = folder.assetcatalog; path = "Preview Assets.xcassets"; sourceTree = "<group>"; };
		1AC8A007294ACFCA005F344F /* Persistence.swift */ = {isa = PBXFileReference; lastKnownFileType = sourcecode.swift; path = Persistence.swift; sourceTree = "<group>"; };
		1AC8A00A294ACFCA005F344F /* Landmarks.xcdatamodel */ = {isa = PBXFileReference; lastKnownFileType = wrapper.xcdatamodel; path = Landmarks.xcdatamodel; sourceTree = "<group>"; };
		1AC8A011294AD03B005F344F /* ContentView.swift */ = {isa = PBXFileReference; lastKnownFileType = sourcecode.swift; path = ContentView.swift; sourceTree = "<group>"; };
		1AC8A013294AD100005F344F /* CircleImage.swift */ = {isa = PBXFileReference; lastKnownFileType = sourcecode.swift; path = CircleImage.swift; sourceTree = "<group>"; };
		1AC8A019294AD3FE005F344F /* Landmark.swift */ = {isa = PBXFileReference; lastKnownFileType = sourcecode.swift; path = Landmark.swift; sourceTree = "<group>"; };
		1AC8A01B294AE61B005F344F /* ModelData.swift */ = {isa = PBXFileReference; lastKnownFileType = sourcecode.swift; path = ModelData.swift; sourceTree = "<group>"; };
		1AC8A021294AE938005F344F /* MapView.swift */ = {isa = PBXFileReference; lastKnownFileType = sourcecode.swift; path = MapView.swift; sourceTree = "<group>"; };
		1AC8A025294AE9FE005F344F /* landmarkData.json */ = {isa = PBXFileReference; fileEncoding = 4; lastKnownFileType = text.json; path = landmarkData.json; sourceTree = "<group>"; };
		1AC8A028294AEAD3005F344F /* LandmarkRow.swift */ = {isa = PBXFileReference; lastKnownFileType = sourcecode.swift; path = LandmarkRow.swift; sourceTree = "<group>"; };
		1AC8A02A294AEFE6005F344F /* LandmarkList.swift */ = {isa = PBXFileReference; lastKnownFileType = sourcecode.swift; path = LandmarkList.swift; sourceTree = "<group>"; };
		1AC8A02C294AF324005F344F /* LandmarkDetail.swift */ = {isa = PBXFileReference; lastKnownFileType = sourcecode.swift; path = LandmarkDetail.swift; sourceTree = "<group>"; };
/* End PBXFileReference section */

/* Begin PBXFrameworksBuildPhase section */
		1AC89FF8294ACFC8005F344F /* Frameworks */ = {
			isa = PBXFrameworksBuildPhase;
			buildActionMask = 2147483647;
			files = (
			);
			runOnlyForDeploymentPostprocessing = 0;
		};
/* End PBXFrameworksBuildPhase section */

/* Begin PBXGroup section */
		1A056904294B298A00253B40 /* Categories */ = {
			isa = PBXGroup;
			children = (
				1A0568FE294B286A00253B40 /* CategoryHome.swift */,
				1A056902294B28C300253B40 /* CategoryItem.swift */,
				1A056900294B289900253B40 /* CategoryRow.swift */,
			);
			path = Categories;
			sourceTree = "<group>";
		};
		1A8B5783294B18F800D7308A /* Badges */ = {
			isa = PBXGroup;
			children = (
				1A8B577D294B158600D7308A /* HexagonParameters.swift */,
				1A8B5781294B168300D7308A /* BadgeBackground.swift */,
				1A8B5784294B191D00D7308A /* BadgeSymbol.swift */,
				1A8B5786294B1A1000D7308A /* RotatedBadgeSymbol.swift */,
				1A8B5788294B1A8D00D7308A /* Badge.swift */,
			);
			path = Badges;
			sourceTree = "<group>";
		};
		1A8B578E294B1CB000D7308A /* Hikes */ = {
			isa = PBXGroup;
			children = (
				1A8B578F294B1CB000D7308A /* GraphCapsule.swift */,
				1A8B5790294B1CB000D7308A /* HikeGraph.swift */,
				1A8B5791294B1CB000D7308A /* HikeDetail.swift */,
				1A8B5792294B1CB000D7308A /* HikeView.swift */,
			);
			path = Hikes;
			sourceTree = "<group>";
		};
		1A9E0A2F294B11400066D04E /* Helpers */ = {
			isa = PBXGroup;
			children = (
				1AC8A013294AD100005F344F /* CircleImage.swift */,
				1AC8A021294AE938005F344F /* MapView.swift */,
				1A9E0A2D294B10D20066D04E /* FavoriteButton.swift */,
			);
			path = Helpers;
			sourceTree = "<group>";
		};
		1A9E0A30294B114D0066D04E /* Landmarks */ = {
			isa = PBXGroup;
			children = (
				1AC8A028294AEAD3005F344F /* LandmarkRow.swift */,
				1AC8A02A294AEFE6005F344F /* LandmarkList.swift */,
				1AC8A02C294AF324005F344F /* LandmarkDetail.swift */,
			);
			path = Landmarks;
			sourceTree = "<group>";
		};
		1AC89FF2294ACFC8005F344F = {
			isa = PBXGroup;
			children = (
				1AC89FFD294ACFC8005F344F /* Landmarks */,
				1AC89FFC294ACFC8005F344F /* Products */,
			);
			sourceTree = "<group>";
		};
		1AC89FFC294ACFC8005F344F /* Products */ = {
			isa = PBXGroup;
			children = (
				1AC89FFB294ACFC8005F344F /* Landmarks.app */,
			);
			name = Products;
			sourceTree = "<group>";
		};
		1AC89FFD294ACFC8005F344F /* Landmarks */ = {
			isa = PBXGroup;
			children = (
				1AC89FFE294ACFC8005F344F /* LandmarksApp.swift */,
				1AC8A023294AE948005F344F /* Views */,
				1AC8A024294AE9E5005F344F /* Model */,
				1AC8A027294AEA10005F344F /* Resources */,
				1AC8A002294ACFCA005F344F /* Assets.xcassets */,
				1AC8A007294ACFCA005F344F /* Persistence.swift */,
				1AC8A009294ACFCA005F344F /* Landmarks.xcdatamodeld */,
				1AC8A004294ACFCA005F344F /* Preview Content */,
			);
			path = Landmarks;
			sourceTree = "<group>";
		};
		1AC8A004294ACFCA005F344F /* Preview Content */ = {
			isa = PBXGroup;
			children = (
				1AC8A005294ACFCA005F344F /* Preview Assets.xcassets */,
			);
			path = "Preview Content";
			sourceTree = "<group>";
		};
		1AC8A023294AE948005F344F /* Views */ = {
			isa = PBXGroup;
			children = (
				1AC8A011294AD03B005F344F /* ContentView.swift */,
				1A9E0A30294B114D0066D04E /* Landmarks */,
				1A9E0A2F294B11400066D04E /* Helpers */,
				1A8B5783294B18F800D7308A /* Badges */,
				1A8B578E294B1CB000D7308A /* Hikes */,
				1A056904294B298A00253B40 /* Categories */,
			);
			path = Views;
			sourceTree = "<group>";
		};
		1AC8A024294AE9E5005F344F /* Model */ = {
			isa = PBXGroup;
			children = (
				1A8B578C294B1C2A00D7308A /* Hike.swift */,
				1AC8A019294AD3FE005F344F /* Landmark.swift */,
				1AC8A01B294AE61B005F344F /* ModelData.swift */,
			);
			path = Model;
			sourceTree = "<group>";
		};
		1AC8A027294AEA10005F344F /* Resources */ = {
			isa = PBXGroup;
			children = (
				1A8B578A294B1C0000D7308A /* hikeData.json */,
				1AC8A025294AE9FE005F344F /* landmarkData.json */,
			);
			path = Resources;
			sourceTree = "<group>";
		};
/* End PBXGroup section */

/* Begin PBXNativeTarget section */
		1AC89FFA294ACFC8005F344F /* Landmarks */ = {
			isa = PBXNativeTarget;
			buildConfigurationList = 1AC8A00E294ACFCA005F344F /* Build configuration list for PBXNativeTarget "Landmarks" */;
			buildPhases = (
				1AC89FF7294ACFC8005F344F /* Sources */,
				1AC89FF8294ACFC8005F344F /* Frameworks */,
				1AC89FF9294ACFC8005F344F /* Resources */,
			);
			buildRules = (
			);
			dependencies = (
			);
			name = Landmarks;
			productName = Landmarks;
			productReference = 1AC89FFB294ACFC8005F344F /* Landmarks.app */;
			productType = "com.apple.product-type.application";
		};
/* End PBXNativeTarget section */

/* Begin PBXProject section */
		1AC89FF3294ACFC8005F344F /* Project object */ = {
			isa = PBXProject;
			attributes = {
				BuildIndependentTargetsInParallel = 1;
				LastSwiftUpdateCheck = 1410;
				LastUpgradeCheck = 1410;
				TargetAttributes = {
					1AC89FFA294ACFC8005F344F = {
						CreatedOnToolsVersion = 14.1;
					};
				};
			};
			buildConfigurationList = 1AC89FF6294ACFC8005F344F /* Build configuration list for PBXProject "Landmarks" */;
			compatibilityVersion = "Xcode 14.0";
			developmentRegion = en;
			hasScannedForEncodings = 0;
			knownRegions = (
				en,
				Base,
			);
			mainGroup = 1AC89FF2294ACFC8005F344F;
			productRefGroup = 1AC89FFC294ACFC8005F344F /* Products */;
			projectDirPath = "";
			projectRoot = "";
			targets = (
				1AC89FFA294ACFC8005F344F /* Landmarks */,
			);
		};
/* End PBXProject section */

/* Begin PBXResourcesBuildPhase section */
		1AC89FF9294ACFC8005F344F /* Resources */ = {
			isa = PBXResourcesBuildPhase;
			buildActionMask = 2147483647;
			files = (
				1A8B578B294B1C0000D7308A /* hikeData.json in Resources */,
				1AC8A006294ACFCA005F344F /* Preview Assets.xcassets in Resources */,
				1AC8A026294AE9FE005F344F /* landmarkData.json in Resources */,
				1AC8A003294ACFCA005F344F /* Assets.xcassets in Resources */,
			);
			runOnlyForDeploymentPostprocessing = 0;
		};
/* End PBXResourcesBuildPhase section */

/* Begin PBXSourcesBuildPhase section */
		1AC89FF7294ACFC8005F344F /* Sources */ = {
			isa = PBXSourcesBuildPhase;
			buildActionMask = 2147483647;
			files = (
				1AC8A01A294AD3FE005F344F /* Landmark.swift in Sources */,
				1A8B5789294B1A8D00D7308A /* Badge.swift in Sources */,
				1AC8A022294AE938005F344F /* MapView.swift in Sources */,
				1AC8A008294ACFCA005F344F /* Persistence.swift in Sources */,
				1A9E0A2E294B10D20066D04E /* FavoriteButton.swift in Sources */,
				1AC89FFF294ACFC8005F344F /* LandmarksApp.swift in Sources */,
				1A8B578D294B1C2A00D7308A /* Hike.swift in Sources */,
				1AC8A012294AD03B005F344F /* ContentView.swift in Sources */,
				1AC8A01C294AE61B005F344F /* ModelData.swift in Sources */,
				1AC8A00B294ACFCA005F344F /* Landmarks.xcdatamodeld in Sources */,
				1A056901294B289900253B40 /* CategoryRow.swift in Sources */,
				1A8B5785294B191D00D7308A /* BadgeSymbol.swift in Sources */,
				1A8B5795294B1CB000D7308A /* HikeDetail.swift in Sources */,
				1AC8A014294AD100005F344F /* CircleImage.swift in Sources */,
				1A8B5796294B1CB000D7308A /* HikeView.swift in Sources */,
				1A8B5782294B168300D7308A /* BadgeBackground.swift in Sources */,
				1A8B5794294B1CB000D7308A /* HikeGraph.swift in Sources */,
				1A8B577E294B158600D7308A /* HexagonParameters.swift in Sources */,
				1A056903294B28C300253B40 /* CategoryItem.swift in Sources */,
				1AC8A029294AEAD3005F344F /* LandmarkRow.swift in Sources */,
				1AC8A02B294AEFE6005F344F /* LandmarkList.swift in Sources */,
				1AC8A02D294AF324005F344F /* LandmarkDetail.swift in Sources */,
				1A8B5793294B1CB000D7308A /* GraphCapsule.swift in Sources */,
				1A0568FF294B286A00253B40 /* CategoryHome.swift in Sources */,
				1A8B5787294B1A1000D7308A /* RotatedBadgeSymbol.swift in Sources */,
			);
			runOnlyForDeploymentPostprocessing = 0;
		};
/* End PBXSourcesBuildPhase section */

/* Begin XCBuildConfiguration section */
		1AC8A00C294ACFCA005F344F /* Debug */ = {
			isa = XCBuildConfiguration;
			buildSettings = {
				ALWAYS_SEARCH_USER_PATHS = NO;
				CLANG_ANALYZER_NONNULL = YES;
				CLANG_ANALYZER_NUMBER_OBJECT_CONVERSION = YES_AGGRESSIVE;
				CLANG_CXX_LANGUAGE_STANDARD = "gnu++20";
				CLANG_ENABLE_MODULES = YES;
				CLANG_ENABLE_OBJC_ARC = YES;
				CLANG_ENABLE_OBJC_WEAK = YES;
				CLANG_WARN_BLOCK_CAPTURE_AUTORELEASING = YES;
				CLANG_WARN_BOOL_CONVERSION = YES;
				CLANG_WARN_COMMA = YES;
				CLANG_WARN_CONSTANT_CONVERSION = YES;
				CLANG_WARN_DEPRECATED_OBJC_IMPLEMENTATIONS = YES;
				CLANG_WARN_DIRECT_OBJC_ISA_USAGE = YES_ERROR;
				CLANG_WARN_DOCUMENTATION_COMMENTS = YES;
				CLANG_WARN_EMPTY_BODY = YES;
				CLANG_WARN_ENUM_CONVERSION = YES;
				CLANG_WARN_INFINITE_RECURSION = YES;
				CLANG_WARN_INT_CONVERSION = YES;
				CLANG_WARN_NON_LITERAL_NULL_CONVERSION = YES;
				CLANG_WARN_OBJC_IMPLICIT_RETAIN_SELF = YES;
				CLANG_WARN_OBJC_LITERAL_CONVERSION = YES;
				CLANG_WARN_OBJC_ROOT_CLASS = YES_ERROR;
				CLANG_WARN_QUOTED_INCLUDE_IN_FRAMEWORK_HEADER = YES;
				CLANG_WARN_RANGE_LOOP_ANALYSIS = YES;
				CLANG_WARN_STRICT_PROTOTYPES = YES;
				CLANG_WARN_SUSPICIOUS_MOVE = YES;
				CLANG_WARN_UNGUARDED_AVAILABILITY = YES_AGGRESSIVE;
				CLANG_WARN_UNREACHABLE_CODE = YES;
				CLANG_WARN__DUPLICATE_METHOD_MATCH = YES;
				COPY_PHASE_STRIP = NO;
				DEBUG_INFORMATION_FORMAT = dwarf;
				ENABLE_STRICT_OBJC_MSGSEND = YES;
				ENABLE_TESTABILITY = YES;
				GCC_C_LANGUAGE_STANDARD = gnu11;
				GCC_DYNAMIC_NO_PIC = NO;
				GCC_NO_COMMON_BLOCKS = YES;
				GCC_OPTIMIZATION_LEVEL = 0;
				GCC_PREPROCESSOR_DEFINITIONS = (
					"DEBUG=1",
					"$(inherited)",
				);
				GCC_WARN_64_TO_32_BIT_CONVERSION = YES;
				GCC_WARN_ABOUT_RETURN_TYPE = YES_ERROR;
				GCC_WARN_UNDECLARED_SELECTOR = YES;
				GCC_WARN_UNINITIALIZED_AUTOS = YES_AGGRESSIVE;
				GCC_WARN_UNUSED_FUNCTION = YES;
				GCC_WARN_UNUSED_VARIABLE = YES;
				IPHONEOS_DEPLOYMENT_TARGET = 16.1;
				MTL_ENABLE_DEBUG_INFO = INCLUDE_SOURCE;
				MTL_FAST_MATH = YES;
				ONLY_ACTIVE_ARCH = YES;
				SDKROOT = iphoneos;
				SWIFT_ACTIVE_COMPILATION_CONDITIONS = DEBUG;
				SWIFT_OPTIMIZATION_LEVEL = "-Onone";
			};
			name = Debug;
		};
		1AC8A00D294ACFCA005F344F /* Release */ = {
			isa = XCBuildConfiguration;
			buildSettings = {
				ALWAYS_SEARCH_USER_PATHS = NO;
				CLANG_ANALYZER_NONNULL = YES;
				CLANG_ANALYZER_NUMBER_OBJECT_CONVERSION = YES_AGGRESSIVE;
				CLANG_CXX_LANGUAGE_STANDARD = "gnu++20";
				CLANG_ENABLE_MODULES = YES;
				CLANG_ENABLE_OBJC_ARC = YES;
				CLANG_ENABLE_OBJC_WEAK = YES;
				CLANG_WARN_BLOCK_CAPTURE_AUTORELEASING = YES;
				CLANG_WARN_BOOL_CONVERSION = YES;
				CLANG_WARN_COMMA = YES;
				CLANG_WARN_CONSTANT_CONVERSION = YES;
				CLANG_WARN_DEPRECATED_OBJC_IMPLEMENTATIONS = YES;
				CLANG_WARN_DIRECT_OBJC_ISA_USAGE = YES_ERROR;
				CLANG_WARN_DOCUMENTATION_COMMENTS = YES;
				CLANG_WARN_EMPTY_BODY = YES;
				CLANG_WARN_ENUM_CONVERSION = YES;
				CLANG_WARN_INFINITE_RECURSION = YES;
				CLANG_WARN_INT_CONVERSION = YES;
				CLANG_WARN_NON_LITERAL_NULL_CONVERSION = YES;
				CLANG_WARN_OBJC_IMPLICIT_RETAIN_SELF = YES;
				CLANG_WARN_OBJC_LITERAL_CONVERSION = YES;
				CLANG_WARN_OBJC_ROOT_CLASS = YES_ERROR;
				CLANG_WARN_QUOTED_INCLUDE_IN_FRAMEWORK_HEADER = YES;
				CLANG_WARN_RANGE_LOOP_ANALYSIS = YES;
				CLANG_WARN_STRICT_PROTOTYPES = YES;
				CLANG_WARN_SUSPICIOUS_MOVE = YES;
				CLANG_WARN_UNGUARDED_AVAILABILITY = YES_AGGRESSIVE;
				CLANG_WARN_UNREACHABLE_CODE = YES;
				CLANG_WARN__DUPLICATE_METHOD_MATCH = YES;
				COPY_PHASE_STRIP = NO;
				DEBUG_INFORMATION_FORMAT = "dwarf-with-dsym";
				ENABLE_NS_ASSERTIONS = NO;
				ENABLE_STRICT_OBJC_MSGSEND = YES;
				GCC_C_LANGUAGE_STANDARD = gnu11;
				GCC_NO_COMMON_BLOCKS = YES;
				GCC_WARN_64_TO_32_BIT_CONVERSION = YES;
				GCC_WARN_ABOUT_RETURN_TYPE = YES_ERROR;
				GCC_WARN_UNDECLARED_SELECTOR = YES;
				GCC_WARN_UNINITIALIZED_AUTOS = YES_AGGRESSIVE;
				GCC_WARN_UNUSED_FUNCTION = YES;
				GCC_WARN_UNUSED_VARIABLE = YES;
				IPHONEOS_DEPLOYMENT_TARGET = 16.1;
				MTL_ENABLE_DEBUG_INFO = NO;
				MTL_FAST_MATH = YES;
				SDKROOT = iphoneos;
				SWIFT_COMPILATION_MODE = wholemodule;
				SWIFT_OPTIMIZATION_LEVEL = "-O";
				VALIDATE_PRODUCT = YES;
			};
			name = Release;
		};
		1AC8A00F294ACFCA005F344F /* Debug */ = {
			isa = XCBuildConfiguration;
			buildSettings = {
				ASSETCATALOG_COMPILER_APPICON_NAME = AppIcon;
				ASSETCATALOG_COMPILER_GLOBAL_ACCENT_COLOR_NAME = AccentColor;
				CODE_SIGN_STYLE = Automatic;
				CURRENT_PROJECT_VERSION = 1;
				DEVELOPMENT_ASSET_PATHS = "\"Landmarks/Preview Content\"";
				DEVELOPMENT_TEAM = A64Y25YA89;
				ENABLE_PREVIEWS = YES;
				GENERATE_INFOPLIST_FILE = YES;
				INFOPLIST_KEY_UIApplicationSceneManifest_Generation = YES;
				INFOPLIST_KEY_UIApplicationSupportsIndirectInputEvents = YES;
				INFOPLIST_KEY_UILaunchScreen_Generation = YES;
				INFOPLIST_KEY_UISupportedInterfaceOrientations_iPad = "UIInterfaceOrientationPortrait UIInterfaceOrientationPortraitUpsideDown UIInterfaceOrientationLandscapeLeft UIInterfaceOrientationLandscapeRight";
				INFOPLIST_KEY_UISupportedInterfaceOrientations_iPhone = "UIInterfaceOrientationPortrait UIInterfaceOrientationLandscapeLeft UIInterfaceOrientationLandscapeRight";
				LD_RUNPATH_SEARCH_PATHS = (
					"$(inherited)",
					"@executable_path/Frameworks",
				);
				MARKETING_VERSION = 1.0;
				PRODUCT_BUNDLE_IDENTIFIER = com.parkhs21.Landmarks;
				PRODUCT_NAME = "$(TARGET_NAME)";
				SWIFT_EMIT_LOC_STRINGS = YES;
				SWIFT_VERSION = 5.0;
				TARGETED_DEVICE_FAMILY = "1,2";
			};
			name = Debug;
		};
		1AC8A010294ACFCA005F344F /* Release */ = {
			isa = XCBuildConfiguration;
			buildSettings = {
				ASSETCATALOG_COMPILER_APPICON_NAME = AppIcon;
				ASSETCATALOG_COMPILER_GLOBAL_ACCENT_COLOR_NAME = AccentColor;
				CODE_SIGN_STYLE = Automatic;
				CURRENT_PROJECT_VERSION = 1;
				DEVELOPMENT_ASSET_PATHS = "\"Landmarks/Preview Content\"";
				DEVELOPMENT_TEAM = A64Y25YA89;
				ENABLE_PREVIEWS = YES;
				GENERATE_INFOPLIST_FILE = YES;
				INFOPLIST_KEY_UIApplicationSceneManifest_Generation = YES;
				INFOPLIST_KEY_UIApplicationSupportsIndirectInputEvents = YES;
				INFOPLIST_KEY_UILaunchScreen_Generation = YES;
				INFOPLIST_KEY_UISupportedInterfaceOrientations_iPad = "UIInterfaceOrientationPortrait UIInterfaceOrientationPortraitUpsideDown UIInterfaceOrientationLandscapeLeft UIInterfaceOrientationLandscapeRight";
				INFOPLIST_KEY_UISupportedInterfaceOrientations_iPhone = "UIInterfaceOrientationPortrait UIInterfaceOrientationLandscapeLeft UIInterfaceOrientationLandscapeRight";
				LD_RUNPATH_SEARCH_PATHS = (
					"$(inherited)",
					"@executable_path/Frameworks",
				);
				MARKETING_VERSION = 1.0;
				PRODUCT_BUNDLE_IDENTIFIER = com.parkhs21.Landmarks;
				PRODUCT_NAME = "$(TARGET_NAME)";
				SWIFT_EMIT_LOC_STRINGS = YES;
				SWIFT_VERSION = 5.0;
				TARGETED_DEVICE_FAMILY = "1,2";
			};
			name = Release;
		};
/* End XCBuildConfiguration section */

/* Begin XCConfigurationList section */
		1AC89FF6294ACFC8005F344F /* Build configuration list for PBXProject "Landmarks" */ = {
			isa = XCConfigurationList;
			buildConfigurations = (
				1AC8A00C294ACFCA005F344F /* Debug */,
				1AC8A00D294ACFCA005F344F /* Release */,
			);
			defaultConfigurationIsVisible = 0;
			defaultConfigurationName = Release;
		};
		1AC8A00E294ACFCA005F344F /* Build configuration list for PBXNativeTarget "Landmarks" */ = {
			isa = XCConfigurationList;
			buildConfigurations = (
				1AC8A00F294ACFCA005F344F /* Debug */,
				1AC8A010294ACFCA005F344F /* Release */,
			);
			defaultConfigurationIsVisible = 0;
			defaultConfigurationName = Release;
		};
/* End XCConfigurationList section */

/* Begin XCVersionGroup section */
		1AC8A009294ACFCA005F344F /* Landmarks.xcdatamodeld */ = {
			isa = XCVersionGroup;
			children = (
				1AC8A00A294ACFCA005F344F /* Landmarks.xcdatamodel */,
			);
			currentVersion = 1AC8A00A294ACFCA005F344F /* Landmarks.xcdatamodel */;
			path = Landmarks.xcdatamodeld;
			sourceTree = "<group>";
			versionGroupType = wrapper.xcdatamodel;
		};
/* End XCVersionGroup section */
	};
	rootObject = 1AC89FF3294ACFC8005F344F /* Project object */;
}
